
Microsoft Visual Studio Solution File, Format Version 12.00
# Visual Studio Version 16
VisualStudioVersion = 16.0.31624.102
MinimumVisualStudioVersion = 10.0.40219.1
Project("{8BC9CEB8-8B4A-11D0-8D11-00A0C91BC942}") = "Project3", "Project3\Project3.vcxproj", "{299D7DFA-9D93-4FBE-BA0B-8D5D5E591B49}"
EndProject
Global
	GlobalSection(SolutionConfigurationPlatforms) = preSolution
		Debug|x64 = Debug|x64
		Debug|x86 = Debug|x86
		Release|x64 = Release|x64
		Release|x86 = Release|x86
	EndGlobalSection
	GlobalSection(ProjectConfigurationPlatforms) = postSolution
		{299D7DFA-9D93-4FBE-BA0B-8D5D5E591B49}.Debug|x64.ActiveCfg = Debug|x64
		{299D7DFA-9D93-4FBE-BA0B-8D5D5E591B49}.Debug|x64.Build.0 = Debug|x64
		{299D7DFA-9D93-4FBE-BA0B-8D5D5E591B49}.Debug|x86.ActiveCfg = Debug|Win32
		{299D7DFA-9D93-4FBE-BA0B-8D5D5E591B49}.Debug|x86.Build.0 = Debug|Win32
		{299D7DFA-9D93-4FBE-BA0B-8D5D5E591B49}.Release|x64.ActiveCfg = Release|x64
		{299D7DFA-9D93-4FBE-BA0B-8D5D5E591B49}.Release|x64.Build.0 = Release|x64
		{299D7DFA-9D93-4FBE-BA0B-8D5D5E591B49}.Release|x86.ActiveCfg = Release|Win32
		{299D7DFA-9D93-4FBE-BA0B-8D5D5E591B49}.Release|x86.Build.0 = Release|Win32
	EndGlobalSection
	GlobalSection(SolutionProperties) = preSolution
		HideSolutionNode = FALSE
	EndGlobalSection
	GlobalSection(ExtensibilityGlobals) = postSolution
		SolutionGuid = {60AD5013-40D7-4866-8778-33AC69B96A84}
	EndGlobalSection
EndGlobal
